
Microsoft Visual Studio Solution File, Format Version 12.00
# Visual Studio Version 17
VisualStudioVersion = 17.7.34202.233
MinimumVisualStudioVersion = 10.0.40219.1
Project("{FAE04EC0-301F-11D3-BF4B-00C04F79EFBC}") = "NoteAPI", "NoteAPI\NoteAPI.csproj", "{4E61C911-E30A-415D-A24C-158B1A973408}"
EndProject
Global
	GlobalSection(SolutionConfigurationPlatforms) = preSolution
		Debug|Any CPU = Debug|Any CPU
		Release|Any CPU = Release|Any CPU
	EndGlobalSection
	GlobalSection(ProjectConfigurationPlatforms) = postSolution
		{4E61C911-E30A-415D-A24C-158B1A973408}.Debug|Any CPU.ActiveCfg = Debug|Any CPU
		{4E61C911-E30A-415D-A24C-158B1A973408}.Debug|Any CPU.Build.0 = Debug|Any CPU
		{4E61C911-E30A-415D-A24C-158B1A973408}.Release|Any CPU.ActiveCfg = Release|Any CPU
		{4E61C911-E30A-415D-A24C-158B1A973408}.Release|Any CPU.Build.0 = Release|Any CPU
	EndGlobalSection
	GlobalSection(SolutionProperties) = preSolution
		HideSolutionNode = FALSE
	EndGlobalSection
	GlobalSection(ExtensibilityGlobals) = postSolution
		SolutionGuid = {A84752F5-9ECC-4C84-A003-E8CCB14F34E3}
	EndGlobalSection
EndGlobal
